
Microsoft Visual Studio Solution File, Format Version 12.00
# Visual Studio Version 16
VisualStudioVersion = 16.0.32901.82
MinimumVisualStudioVersion = 10.0.40219.1
Project("{FAE04EC0-301F-11D3-BF4B-00C04F79EFBC}") = "battery-mapping-helper", "battery-mapping-helper\battery-mapping-helper.csproj", "{6BFB3E23-4832-4385-A4A5-E30029A72F19}"
EndProject
Global
	GlobalSection(SolutionConfigurationPlatforms) = preSolution
		Debug|Any CPU = Debug|Any CPU
		Release|Any CPU = Release|Any CPU
	EndGlobalSection
	GlobalSection(ProjectConfigurationPlatforms) = postSolution
		{6BFB3E23-4832-4385-A4A5-E30029A72F19}.Debug|Any CPU.ActiveCfg = Debug|Any CPU
		{6BFB3E23-4832-4385-A4A5-E30029A72F19}.Debug|Any CPU.Build.0 = Debug|Any CPU
		{6BFB3E23-4832-4385-A4A5-E30029A72F19}.Release|Any CPU.ActiveCfg = Release|Any CPU
		{6BFB3E23-4832-4385-A4A5-E30029A72F19}.Release|Any CPU.Build.0 = Release|Any CPU
	EndGlobalSection
	GlobalSection(SolutionProperties) = preSolution
		HideSolutionNode = FALSE
	EndGlobalSection
	GlobalSection(ExtensibilityGlobals) = postSolution
		SolutionGuid = {433B6227-5E8A-4744-9526-46FCCA1264C6}
	EndGlobalSection
EndGlobal
